// !$*UTF8*$!
{
	archiveVersion = 1;
	classes = {
	};
	objectVersion = 56;
	objects = {

/* Begin PBXBuildFile section */
		377DDD7E2D5E9294003F5C0A /* FinalGameView.swift in Sources */ = {isa = PBXBuildFile; fileRef = 377DDD7D2D5E928C003F5C0A /* FinalGameView.swift */; };
		37C00FF22D5CEE7A009A78AE /* Lottie in Frameworks */ = {isa = PBXBuildFile; productRef = 37C00FF12D5CEE7A009A78AE /* Lottie */; };
		37C010072D5CEEC4009A78AE /* bomb2.json in Resources */ = {isa = PBXBuildFile; fileRef = 37C010062D5CEEC4009A78AE /* bomb2.json */; };
		37C0100A2D5CEEEB009A78AE /* SwiftUIView.swift in Sources */ = {isa = PBXBuildFile; fileRef = 37C010092D5CEEEB009A78AE /* SwiftUIView.swift */; };
		37C0100B2D5CEEEB009A78AE /* LottieView.swift in Sources */ = {isa = PBXBuildFile; fileRef = 37C010082D5CEEEB009A78AE /* LottieView.swift */; };
		8859F00C2D5A8BF400356569 /* UIExtensions.swift in Sources */ = {isa = PBXBuildFile; fileRef = 8859F00B2D5A8BF400356569 /* UIExtensions.swift */; };
		888EB9D12D5BF88D000815CA /* MainView.swift in Sources */ = {isa = PBXBuildFile; fileRef = 888EB9D02D5BF88D000815CA /* MainView.swift */; };
		888EB9D32D5C0C06000815CA /* RulesView.swift in Sources */ = {isa = PBXBuildFile; fileRef = 888EB9D22D5C0C06000815CA /* RulesView.swift */; };
		888EB9D52D5C0EC4000815CA /* RulesModel.swift in Sources */ = {isa = PBXBuildFile; fileRef = 888EB9D42D5C0EC4000815CA /* RulesModel.swift */; };
		888EB9D72D5CADB3000815CA /* PunishmentsModel.swift in Sources */ = {isa = PBXBuildFile; fileRef = 888EB9D62D5CADB3000815CA /* PunishmentsModel.swift */; };
		888EB9DD2D5CBB19000815CA /* PunishmentsViewModel.swift in Sources */ = {isa = PBXBuildFile; fileRef = 888EB9DC2D5CBB19000815CA /* PunishmentsViewModel.swift */; };
		AD5EE7572D5F000200F92FAF /* SettignsModel.swift in Sources */ = {isa = PBXBuildFile; fileRef = AD5EE7562D5EFFFC00F92FAF /* SettignsModel.swift */; };
		AD5EE7592D5F11A500F92FAF /* SettingsButton.swift in Sources */ = {isa = PBXBuildFile; fileRef = AD5EE7582D5F119F00F92FAF /* SettingsButton.swift */; };
		AD5EE75B2D5F15A900F92FAF /* SettingsToggleButton.swift in Sources */ = {isa = PBXBuildFile; fileRef = AD5EE75A2D5F159600F92FAF /* SettingsToggleButton.swift */; };
		AD5EE75D2D5F1AA200F92FAF /* SettingsSection.swift in Sources */ = {isa = PBXBuildFile; fileRef = AD5EE75C2D5F1A9200F92FAF /* SettingsSection.swift */; };
		AD896F7E2D5AAC9F00389CA8 /* CategoryView.swift in Sources */ = {isa = PBXBuildFile; fileRef = AD896F7D2D5AAC9B00389CA8 /* CategoryView.swift */; };
		AD896F812D5AB46F00389CA8 /* CategoryModel.swift in Sources */ = {isa = PBXBuildFile; fileRef = AD896F802D5AB46A00389CA8 /* CategoryModel.swift */; };
		AD896F832D5AFA1F00389CA8 /* CategoryViewModel.swift in Sources */ = {isa = PBXBuildFile; fileRef = AD896F822D5AFA1400389CA8 /* CategoryViewModel.swift */; };
		AD896F852D5AFDAC00389CA8 /* CatergoryToolbarView.swift in Sources */ = {isa = PBXBuildFile; fileRef = AD896F842D5AFDA600389CA8 /* CatergoryToolbarView.swift */; };
		AD896F872D5B000B00389CA8 /* CategoryButtonView.swift in Sources */ = {isa = PBXBuildFile; fileRef = AD896F862D5B000300389CA8 /* CategoryButtonView.swift */; };
		AD896F8A2D5B089E00389CA8 /* ParsingService.swift in Sources */ = {isa = PBXBuildFile; fileRef = AD896F892D5B089200389CA8 /* ParsingService.swift */; };
		ADE061D22D5C041A009BDE6A /* HelpCategoryView.swift in Sources */ = {isa = PBXBuildFile; fileRef = ADE061D12D5C0418009BDE6A /* HelpCategoryView.swift */; };
		ADE061D42D5C74B6009BDE6A /* questions.json in Resources */ = {isa = PBXBuildFile; fileRef = ADE061D32D5C74A4009BDE6A /* questions.json */; };
		ADE1E8082D5DC1B900C3BB8E /* AppCordinator.swift in Sources */ = {isa = PBXBuildFile; fileRef = ADE1E8072D5DC1A900C3BB8E /* AppCordinator.swift */; };
		ADE1E80A2D5DC20E00C3BB8E /* CordinatorView.swift in Sources */ = {isa = PBXBuildFile; fileRef = ADE1E8092D5DC20A00C3BB8E /* CordinatorView.swift */; };
		ADE1E8142D5DE32800C3BB8E /* SettingsView.swift in Sources */ = {isa = PBXBuildFile; fileRef = ADE1E8132D5DE30A00C3BB8E /* SettingsView.swift */; };
		C51925BB2D60D35600EAB0F1 /* SettingsModel.swift in Sources */ = {isa = PBXBuildFile; fileRef = C51925BA2D60D34800EAB0F1 /* SettingsModel.swift */; };
		E416A4162D5CC4D300FD9E26 /* Bang.mp3 in Resources */ = {isa = PBXBuildFile; fileRef = E416A4152D5CC4D300FD9E26 /* Bang.mp3 */; };
		E416A4182D5CC4D800FD9E26 /* Gong.mp3 in Resources */ = {isa = PBXBuildFile; fileRef = E416A4172D5CC4D800FD9E26 /* Gong.mp3 */; };
		E416A41A2D5CC4DF00FD9E26 /* Timer.mp3 in Resources */ = {isa = PBXBuildFile; fileRef = E416A4192D5CC4DF00FD9E26 /* Timer.mp3 */; };
		E426A8082D5BE1B10035323A /* CustomButton.swift in Sources */ = {isa = PBXBuildFile; fileRef = E426A8072D5BE1B10035323A /* CustomButton.swift */; };
		E426A80A2D5BE42A0035323A /* BackgroundImage.swift in Sources */ = {isa = PBXBuildFile; fileRef = E426A8092D5BE42A0035323A /* BackgroundImage.swift */; };
		E477D8222D5A5C9B0033AA5F /* BombGameApp.swift in Sources */ = {isa = PBXBuildFile; fileRef = E477D8212D5A5C9B0033AA5F /* BombGameApp.swift */; };
		E477D8242D5A5C9B0033AA5F /* ContentView.swift in Sources */ = {isa = PBXBuildFile; fileRef = E477D8232D5A5C9B0033AA5F /* ContentView.swift */; };
		E477D8262D5A5C9D0033AA5F /* Assets.xcassets in Resources */ = {isa = PBXBuildFile; fileRef = E477D8252D5A5C9D0033AA5F /* Assets.xcassets */; };
		E477D8292D5A5C9D0033AA5F /* Preview Assets.xcassets in Resources */ = {isa = PBXBuildFile; fileRef = E477D8282D5A5C9D0033AA5F /* Preview Assets.xcassets */; };
		E477D8302D5A74610033AA5F /* CatAndQuestions.strings in Resources */ = {isa = PBXBuildFile; fileRef = E477D82F2D5A74610033AA5F /* CatAndQuestions.strings */; };
		E48A58AA2D5BC2DD00C70964 /* CustomToolBar.swift in Sources */ = {isa = PBXBuildFile; fileRef = E48A58A92D5BC2DD00C70964 /* CustomToolBar.swift */; };
		E48A58AC2D5BC79600C70964 /* GameView.swift in Sources */ = {isa = PBXBuildFile; fileRef = E48A58AB2D5BC79600C70964 /* GameView.swift */; };
/* End PBXBuildFile section */

/* Begin PBXFileReference section */
		377DDD7D2D5E928C003F5C0A /* FinalGameView.swift */ = {isa = PBXFileReference; lastKnownFileType = sourcecode.swift; path = FinalGameView.swift; sourceTree = "<group>"; };
		37C010062D5CEEC4009A78AE /* bomb2.json */ = {isa = PBXFileReference; lastKnownFileType = text.json; path = bomb2.json; sourceTree = "<group>"; };
		37C010082D5CEEEB009A78AE /* LottieView.swift */ = {isa = PBXFileReference; lastKnownFileType = sourcecode.swift; path = LottieView.swift; sourceTree = "<group>"; };
		37C010092D5CEEEB009A78AE /* SwiftUIView.swift */ = {isa = PBXFileReference; lastKnownFileType = sourcecode.swift; path = SwiftUIView.swift; sourceTree = "<group>"; };
		8859F00B2D5A8BF400356569 /* UIExtensions.swift */ = {isa = PBXFileReference; lastKnownFileType = sourcecode.swift; path = UIExtensions.swift; sourceTree = "<group>"; };
		888EB9D02D5BF88D000815CA /* MainView.swift */ = {isa = PBXFileReference; lastKnownFileType = sourcecode.swift; path = MainView.swift; sourceTree = "<group>"; };
		888EB9D22D5C0C06000815CA /* RulesView.swift */ = {isa = PBXFileReference; lastKnownFileType = sourcecode.swift; path = RulesView.swift; sourceTree = "<group>"; };
		888EB9D42D5C0EC4000815CA /* RulesModel.swift */ = {isa = PBXFileReference; lastKnownFileType = sourcecode.swift; path = RulesModel.swift; sourceTree = "<group>"; };
		888EB9D62D5CADB3000815CA /* PunishmentsModel.swift */ = {isa = PBXFileReference; lastKnownFileType = sourcecode.swift; path = PunishmentsModel.swift; sourceTree = "<group>"; };
		888EB9DC2D5CBB19000815CA /* PunishmentsViewModel.swift */ = {isa = PBXFileReference; lastKnownFileType = sourcecode.swift; path = PunishmentsViewModel.swift; sourceTree = "<group>"; };
		AD5EE7562D5EFFFC00F92FAF /* SettignsModel.swift */ = {isa = PBXFileReference; lastKnownFileType = sourcecode.swift; path = SettignsModel.swift; sourceTree = "<group>"; };
		AD5EE7582D5F119F00F92FAF /* SettingsButton.swift */ = {isa = PBXFileReference; lastKnownFileType = sourcecode.swift; path = SettingsButton.swift; sourceTree = "<group>"; };
		AD5EE75A2D5F159600F92FAF /* SettingsToggleButton.swift */ = {isa = PBXFileReference; lastKnownFileType = sourcecode.swift; path = SettingsToggleButton.swift; sourceTree = "<group>"; };
		AD5EE75C2D5F1A9200F92FAF /* SettingsSection.swift */ = {isa = PBXFileReference; lastKnownFileType = sourcecode.swift; path = SettingsSection.swift; sourceTree = "<group>"; };
		AD896F7D2D5AAC9B00389CA8 /* CategoryView.swift */ = {isa = PBXFileReference; lastKnownFileType = sourcecode.swift; path = CategoryView.swift; sourceTree = "<group>"; };
		AD896F802D5AB46A00389CA8 /* CategoryModel.swift */ = {isa = PBXFileReference; lastKnownFileType = sourcecode.swift; path = CategoryModel.swift; sourceTree = "<group>"; };
		AD896F822D5AFA1400389CA8 /* CategoryViewModel.swift */ = {isa = PBXFileReference; lastKnownFileType = sourcecode.swift; path = CategoryViewModel.swift; sourceTree = "<group>"; };
		AD896F842D5AFDA600389CA8 /* CatergoryToolbarView.swift */ = {isa = PBXFileReference; lastKnownFileType = sourcecode.swift; path = CatergoryToolbarView.swift; sourceTree = "<group>"; };
		AD896F862D5B000300389CA8 /* CategoryButtonView.swift */ = {isa = PBXFileReference; lastKnownFileType = sourcecode.swift; path = CategoryButtonView.swift; sourceTree = "<group>"; };
		AD896F892D5B089200389CA8 /* ParsingService.swift */ = {isa = PBXFileReference; lastKnownFileType = sourcecode.swift; path = ParsingService.swift; sourceTree = "<group>"; };
		ADE061D12D5C0418009BDE6A /* HelpCategoryView.swift */ = {isa = PBXFileReference; lastKnownFileType = sourcecode.swift; path = HelpCategoryView.swift; sourceTree = "<group>"; };
		ADE061D32D5C74A4009BDE6A /* questions.json */ = {isa = PBXFileReference; lastKnownFileType = text.json; path = questions.json; sourceTree = "<group>"; };
		ADE1E8072D5DC1A900C3BB8E /* AppCordinator.swift */ = {isa = PBXFileReference; lastKnownFileType = sourcecode.swift; path = AppCordinator.swift; sourceTree = "<group>"; };
		ADE1E8092D5DC20A00C3BB8E /* CordinatorView.swift */ = {isa = PBXFileReference; lastKnownFileType = sourcecode.swift; path = CordinatorView.swift; sourceTree = "<group>"; };
		ADE1E8132D5DE30A00C3BB8E /* SettingsView.swift */ = {isa = PBXFileReference; lastKnownFileType = sourcecode.swift; path = SettingsView.swift; sourceTree = "<group>"; };
		C51925BA2D60D34800EAB0F1 /* SettingsModel.swift */ = {isa = PBXFileReference; lastKnownFileType = sourcecode.swift; path = SettingsModel.swift; sourceTree = "<group>"; };
		E416A4152D5CC4D300FD9E26 /* Bang.mp3 */ = {isa = PBXFileReference; lastKnownFileType = audio.mp3; path = Bang.mp3; sourceTree = "<group>"; };
		E416A4172D5CC4D800FD9E26 /* Gong.mp3 */ = {isa = PBXFileReference; lastKnownFileType = audio.mp3; path = Gong.mp3; sourceTree = "<group>"; };
		E416A4192D5CC4DF00FD9E26 /* Timer.mp3 */ = {isa = PBXFileReference; lastKnownFileType = audio.mp3; path = Timer.mp3; sourceTree = "<group>"; };
		E426A8072D5BE1B10035323A /* CustomButton.swift */ = {isa = PBXFileReference; lastKnownFileType = sourcecode.swift; path = CustomButton.swift; sourceTree = "<group>"; };
		E426A8092D5BE42A0035323A /* BackgroundImage.swift */ = {isa = PBXFileReference; lastKnownFileType = sourcecode.swift; path = BackgroundImage.swift; sourceTree = "<group>"; };
		E477D81E2D5A5C9B0033AA5F /* BombGame.app */ = {isa = PBXFileReference; explicitFileType = wrapper.application; includeInIndex = 0; path = BombGame.app; sourceTree = BUILT_PRODUCTS_DIR; };
		E477D8212D5A5C9B0033AA5F /* BombGameApp.swift */ = {isa = PBXFileReference; lastKnownFileType = sourcecode.swift; path = BombGameApp.swift; sourceTree = "<group>"; };
		E477D8232D5A5C9B0033AA5F /* ContentView.swift */ = {isa = PBXFileReference; lastKnownFileType = sourcecode.swift; path = ContentView.swift; sourceTree = "<group>"; };
		E477D8252D5A5C9D0033AA5F /* Assets.xcassets */ = {isa = PBXFileReference; lastKnownFileType = folder.assetcatalog; path = Assets.xcassets; sourceTree = "<group>"; };
		E477D8282D5A5C9D0033AA5F /* Preview Assets.xcassets */ = {isa = PBXFileReference; lastKnownFileType = folder.assetcatalog; path = "Preview Assets.xcassets"; sourceTree = "<group>"; };
		E477D82F2D5A74610033AA5F /* CatAndQuestions.strings */ = {isa = PBXFileReference; lastKnownFileType = text.plist.strings; path = CatAndQuestions.strings; sourceTree = "<group>"; };
		E48A58A92D5BC2DD00C70964 /* CustomToolBar.swift */ = {isa = PBXFileReference; fileEncoding = 4; lastKnownFileType = sourcecode.swift; path = CustomToolBar.swift; sourceTree = "<group>"; };
		E48A58AB2D5BC79600C70964 /* GameView.swift */ = {isa = PBXFileReference; lastKnownFileType = sourcecode.swift; path = GameView.swift; sourceTree = "<group>"; };
/* End PBXFileReference section */

/* Begin PBXFrameworksBuildPhase section */
		E477D81B2D5A5C9B0033AA5F /* Frameworks */ = {
			isa = PBXFrameworksBuildPhase;
			buildActionMask = 2147483647;
			files = (
				37C00FF22D5CEE7A009A78AE /* Lottie in Frameworks */,
			);
			runOnlyForDeploymentPostprocessing = 0;
		};
/* End PBXFrameworksBuildPhase section */

/* Begin PBXGroup section */
		377DDD7C2D5E924B003F5C0A /* FinalGameView */ = {
			isa = PBXGroup;
			children = (
				377DDD7D2D5E928C003F5C0A /* FinalGameView.swift */,
			);
			path = FinalGameView;
			sourceTree = "<group>";
		};
		37C010052D5CEEAE009A78AE /* Lottie */ = {
			isa = PBXGroup;
			children = (
				37C010082D5CEEEB009A78AE /* LottieView.swift */,
				37C010092D5CEEEB009A78AE /* SwiftUIView.swift */,
				37C010062D5CEEC4009A78AE /* bomb2.json */,
			);
			path = Lottie;
			sourceTree = "<group>";
		};
		888EB9D92D5CB814000815CA /* Punishments */ = {
			isa = PBXGroup;
			children = (
				888EB9D62D5CADB3000815CA /* PunishmentsModel.swift */,
				888EB9DC2D5CBB19000815CA /* PunishmentsViewModel.swift */,
			);
			path = Punishments;
			sourceTree = "<group>";
		};
		AD896F7C2D5AAC4F00389CA8 /* CategoryView */ = {
			isa = PBXGroup;
			children = (
				AD896F882D5B00BD00389CA8 /* ViewModel */,
				ADE1E8172D5DEB5600C3BB8E /* HelpCategoryView */,
				AD896F7D2D5AAC9B00389CA8 /* CategoryView.swift */,
				AD896F862D5B000300389CA8 /* CategoryButtonView.swift */,
				AD896F842D5AFDA600389CA8 /* CatergoryToolbarView.swift */,
			);
			path = CategoryView;
			sourceTree = "<group>";
		};
		AD896F7F2D5AB41C00389CA8 /* Model */ = {
			isa = PBXGroup;
			children = (
				AD896F802D5AB46A00389CA8 /* CategoryModel.swift */,
				888EB9D42D5C0EC4000815CA /* RulesModel.swift */,
				AD5EE7562D5EFFFC00F92FAF /* SettignsModel.swift */,
				C51925BA2D60D34800EAB0F1 /* SettingsModel.swift */,
			);
			path = Model;
			sourceTree = "<group>";
		};
		AD896F882D5B00BD00389CA8 /* ViewModel */ = {
			isa = PBXGroup;
			children = (
				AD896F822D5AFA1400389CA8 /* CategoryViewModel.swift */,
			);
			path = ViewModel;
			sourceTree = "<group>";
		};
		ADE1E8062D5DC19F00C3BB8E /* Coordinator */ = {
			isa = PBXGroup;
			children = (
				ADE1E8092D5DC20A00C3BB8E /* CordinatorView.swift */,
				ADE1E8072D5DC1A900C3BB8E /* AppCordinator.swift */,
			);
			path = Coordinator;
			sourceTree = "<group>";
		};
		ADE1E80B2D5DDF4900C3BB8E /* Views */ = {
			isa = PBXGroup;
			children = (
				377DDD7C2D5E924B003F5C0A /* FinalGameView */,
				ADE1E80D2D5DDF9B00C3BB8E /* MainView */,
				ADE1E8122D5DE2FC00C3BB8E /* SettingsView */,
				ADE1E80F2D5DDFFD00C3BB8E /* RulesView */,
				ADE1E80C2D5DDF7400C3BB8E /* GameView */,
				AD896F7C2D5AAC4F00389CA8 /* CategoryView */,
				E48A58A92D5BC2DD00C70964 /* CustomToolBar.swift */,
				E426A8072D5BE1B10035323A /* CustomButton.swift */,
				E426A8092D5BE42A0035323A /* BackgroundImage.swift */,
			);
			path = Views;
			sourceTree = "<group>";
		};
		ADE1E80C2D5DDF7400C3BB8E /* GameView */ = {
			isa = PBXGroup;
			children = (
				E48A58AB2D5BC79600C70964 /* GameView.swift */,
			);
			path = GameView;
			sourceTree = "<group>";
		};
		ADE1E80D2D5DDF9B00C3BB8E /* MainView */ = {
			isa = PBXGroup;
			children = (
				888EB9D02D5BF88D000815CA /* MainView.swift */,
			);
			path = MainView;
			sourceTree = "<group>";
		};
		ADE1E80F2D5DDFFD00C3BB8E /* RulesView */ = {
			isa = PBXGroup;
			children = (
				888EB9D22D5C0C06000815CA /* RulesView.swift */,
			);
			path = RulesView;
			sourceTree = "<group>";
		};
		ADE1E8102D5DE03100C3BB8E /* App */ = {
			isa = PBXGroup;
			children = (
				E477D8212D5A5C9B0033AA5F /* BombGameApp.swift */,
			);
			path = App;
			sourceTree = "<group>";
		};
		ADE1E8112D5DE0BB00C3BB8E /* Extensions */ = {
			isa = PBXGroup;
			children = (
				8859F00B2D5A8BF400356569 /* UIExtensions.swift */,
			);
			path = Extensions;
			sourceTree = "<group>";
		};
		ADE1E8122D5DE2FC00C3BB8E /* SettingsView */ = {
			isa = PBXGroup;
			children = (
				AD5EE75C2D5F1A9200F92FAF /* SettingsSection.swift */,
				AD5EE75A2D5F159600F92FAF /* SettingsToggleButton.swift */,
				AD5EE7582D5F119F00F92FAF /* SettingsButton.swift */,
				ADE1E8132D5DE30A00C3BB8E /* SettingsView.swift */,
			);
			path = SettingsView;
			sourceTree = "<group>";
		};
		ADE1E8152D5DE6D800C3BB8E /* ParsingService */ = {
			isa = PBXGroup;
			children = (
				AD896F892D5B089200389CA8 /* ParsingService.swift */,
				ADE061D32D5C74A4009BDE6A /* questions.json */,
			);
			path = ParsingService;
			sourceTree = "<group>";
		};
		ADE1E8162D5DE82800C3BB8E /* Resources */ = {
			isa = PBXGroup;
			children = (
				E477D8252D5A5C9D0033AA5F /* Assets.xcassets */,
			);
			path = Resources;
			sourceTree = "<group>";
		};
		ADE1E8172D5DEB5600C3BB8E /* HelpCategoryView */ = {
			isa = PBXGroup;
			children = (
				ADE061D12D5C0418009BDE6A /* HelpCategoryView.swift */,
			);
			path = HelpCategoryView;
			sourceTree = "<group>";
		};
		E477D8152D5A5C9B0033AA5F = {
			isa = PBXGroup;
			children = (
				E477D82F2D5A74610033AA5F /* CatAndQuestions.strings */,
				E416A4152D5CC4D300FD9E26 /* Bang.mp3 */,
				E416A4172D5CC4D800FD9E26 /* Gong.mp3 */,
				E416A4192D5CC4DF00FD9E26 /* Timer.mp3 */,
				E477D8202D5A5C9B0033AA5F /* BombGame */,
				E477D81F2D5A5C9B0033AA5F /* Products */,
			);
			sourceTree = "<group>";
		};
		E477D81F2D5A5C9B0033AA5F /* Products */ = {
			isa = PBXGroup;
			children = (
				E477D81E2D5A5C9B0033AA5F /* BombGame.app */,
			);
			name = Products;
			sourceTree = "<group>";
		};
		E477D8202D5A5C9B0033AA5F /* BombGame */ = {
			isa = PBXGroup;
			children = (
				E477D8232D5A5C9B0033AA5F /* ContentView.swift */,
				ADE1E8102D5DE03100C3BB8E /* App */,
				AD896F7F2D5AB41C00389CA8 /* Model */,
				ADE1E8152D5DE6D800C3BB8E /* ParsingService */,
				ADE1E8062D5DC19F00C3BB8E /* Coordinator */,
				ADE1E80B2D5DDF4900C3BB8E /* Views */,
				37C010052D5CEEAE009A78AE /* Lottie */,
				888EB9D92D5CB814000815CA /* Punishments */,
				ADE1E8162D5DE82800C3BB8E /* Resources */,
				ADE1E8112D5DE0BB00C3BB8E /* Extensions */,
				E477D8272D5A5C9D0033AA5F /* Preview Content */,
			);
			path = BombGame;
			sourceTree = "<group>";
		};
		E477D8272D5A5C9D0033AA5F /* Preview Content */ = {
			isa = PBXGroup;
			children = (
				E477D8282D5A5C9D0033AA5F /* Preview Assets.xcassets */,
			);
			path = "Preview Content";
			sourceTree = "<group>";
		};
/* End PBXGroup section */

/* Begin PBXNativeTarget section */
		E477D81D2D5A5C9B0033AA5F /* BombGame */ = {
			isa = PBXNativeTarget;
			buildConfigurationList = E477D82C2D5A5C9D0033AA5F /* Build configuration list for PBXNativeTarget "BombGame" */;
			buildPhases = (
				E477D81A2D5A5C9B0033AA5F /* Sources */,
				E477D81B2D5A5C9B0033AA5F /* Frameworks */,
				E477D81C2D5A5C9B0033AA5F /* Resources */,
			);
			buildRules = (
			);
			dependencies = (
			);
			name = BombGame;
			productName = BombGame;
			productReference = E477D81E2D5A5C9B0033AA5F /* BombGame.app */;
			productType = "com.apple.product-type.application";
		};
/* End PBXNativeTarget section */

/* Begin PBXProject section */
		E477D8162D5A5C9B0033AA5F /* Project object */ = {
			isa = PBXProject;
			attributes = {
				BuildIndependentTargetsInParallel = 1;
				LastSwiftUpdateCheck = 1400;
				LastUpgradeCheck = 1400;
				TargetAttributes = {
					E477D81D2D5A5C9B0033AA5F = {
						CreatedOnToolsVersion = 14.0.1;
					};
				};
			};
			buildConfigurationList = E477D8192D5A5C9B0033AA5F /* Build configuration list for PBXProject "BombGame" */;
			compatibilityVersion = "Xcode 14.0";
			developmentRegion = en;
			hasScannedForEncodings = 0;
			knownRegions = (
				en,
				Base,
			);
			mainGroup = E477D8152D5A5C9B0033AA5F;
			packageReferences = (
				37C00FF02D5CEE7A009A78AE /* XCRemoteSwiftPackageReference "lottie-ios" */,
			);
			productRefGroup = E477D81F2D5A5C9B0033AA5F /* Products */;
			projectDirPath = "";
			projectRoot = "";
			targets = (
				E477D81D2D5A5C9B0033AA5F /* BombGame */,
			);
		};
/* End PBXProject section */

/* Begin PBXResourcesBuildPhase section */
		E477D81C2D5A5C9B0033AA5F /* Resources */ = {
			isa = PBXResourcesBuildPhase;
			buildActionMask = 2147483647;
			files = (
				E477D8302D5A74610033AA5F /* CatAndQuestions.strings in Resources */,
				ADE061D42D5C74B6009BDE6A /* questions.json in Resources */,
				E416A4162D5CC4D300FD9E26 /* Bang.mp3 in Resources */,
				E416A4182D5CC4D800FD9E26 /* Gong.mp3 in Resources */,
				37C010072D5CEEC4009A78AE /* bomb2.json in Resources */,
				E477D8292D5A5C9D0033AA5F /* Preview Assets.xcassets in Resources */,
				E416A41A2D5CC4DF00FD9E26 /* Timer.mp3 in Resources */,
				E477D8262D5A5C9D0033AA5F /* Assets.xcassets in Resources */,
			);
			runOnlyForDeploymentPostprocessing = 0;
		};
/* End PBXResourcesBuildPhase section */

/* Begin PBXSourcesBuildPhase section */
		E477D81A2D5A5C9B0033AA5F /* Sources */ = {
			isa = PBXSourcesBuildPhase;
			buildActionMask = 2147483647;
			files = (
				AD896F872D5B000B00389CA8 /* CategoryButtonView.swift in Sources */,
				AD5EE7592D5F11A500F92FAF /* SettingsButton.swift in Sources */,
				888EB9D12D5BF88D000815CA /* MainView.swift in Sources */,
				E477D8242D5A5C9B0033AA5F /* ContentView.swift in Sources */,
				ADE061D22D5C041A009BDE6A /* HelpCategoryView.swift in Sources */,
				8859F00C2D5A8BF400356569 /* UIExtensions.swift in Sources */,
				C51925BB2D60D35600EAB0F1 /* SettingsModel.swift in Sources */,
				37C0100A2D5CEEEB009A78AE /* SwiftUIView.swift in Sources */,
				37C0100B2D5CEEEB009A78AE /* LottieView.swift in Sources */,
				AD5EE75B2D5F15A900F92FAF /* SettingsToggleButton.swift in Sources */,
				AD896F7E2D5AAC9F00389CA8 /* CategoryView.swift in Sources */,
				377DDD7E2D5E9294003F5C0A /* FinalGameView.swift in Sources */,
				888EB9D72D5CADB3000815CA /* PunishmentsModel.swift in Sources */,
				ADE1E8142D5DE32800C3BB8E /* SettingsView.swift in Sources */,
				AD5EE75D2D5F1AA200F92FAF /* SettingsSection.swift in Sources */,
				AD896F852D5AFDAC00389CA8 /* CatergoryToolbarView.swift in Sources */,
				E48A58AC2D5BC79600C70964 /* GameView.swift in Sources */,
				888EB9D52D5C0EC4000815CA /* RulesModel.swift in Sources */,
				AD896F812D5AB46F00389CA8 /* CategoryModel.swift in Sources */,
				AD896F832D5AFA1F00389CA8 /* CategoryViewModel.swift in Sources */,
				888EB9DD2D5CBB19000815CA /* PunishmentsViewModel.swift in Sources */,
				ADE1E80A2D5DC20E00C3BB8E /* CordinatorView.swift in Sources */,
				AD5EE7572D5F000200F92FAF /* SettignsModel.swift in Sources */,
				E426A80A2D5BE42A0035323A /* BackgroundImage.swift in Sources */,
				E426A8082D5BE1B10035323A /* CustomButton.swift in Sources */,
				888EB9D32D5C0C06000815CA /* RulesView.swift in Sources */,
				AD896F8A2D5B089E00389CA8 /* ParsingService.swift in Sources */,
				E477D8222D5A5C9B0033AA5F /* BombGameApp.swift in Sources */,
				ADE1E8082D5DC1B900C3BB8E /* AppCordinator.swift in Sources */,
				E48A58AA2D5BC2DD00C70964 /* CustomToolBar.swift in Sources */,
			);
			runOnlyForDeploymentPostprocessing = 0;
		};
/* End PBXSourcesBuildPhase section */

/* Begin XCBuildConfiguration section */
		E477D82A2D5A5C9D0033AA5F /* Debug */ = {
			isa = XCBuildConfiguration;
			buildSettings = {
				ALWAYS_SEARCH_USER_PATHS = NO;
				CLANG_ANALYZER_NONNULL = YES;
				CLANG_ANALYZER_NUMBER_OBJECT_CONVERSION = YES_AGGRESSIVE;
				CLANG_CXX_LANGUAGE_STANDARD = "gnu++20";
				CLANG_ENABLE_MODULES = YES;
				CLANG_ENABLE_OBJC_ARC = YES;
				CLANG_ENABLE_OBJC_WEAK = YES;
				CLANG_WARN_BLOCK_CAPTURE_AUTORELEASING = YES;
				CLANG_WARN_BOOL_CONVERSION = YES;
				CLANG_WARN_COMMA = YES;
				CLANG_WARN_CONSTANT_CONVERSION = YES;
				CLANG_WARN_DEPRECATED_OBJC_IMPLEMENTATIONS = YES;
				CLANG_WARN_DIRECT_OBJC_ISA_USAGE = YES_ERROR;
				CLANG_WARN_DOCUMENTATION_COMMENTS = YES;
				CLANG_WARN_EMPTY_BODY = YES;
				CLANG_WARN_ENUM_CONVERSION = YES;
				CLANG_WARN_INFINITE_RECURSION = YES;
				CLANG_WARN_INT_CONVERSION = YES;
				CLANG_WARN_NON_LITERAL_NULL_CONVERSION = YES;
				CLANG_WARN_OBJC_IMPLICIT_RETAIN_SELF = YES;
				CLANG_WARN_OBJC_LITERAL_CONVERSION = YES;
				CLANG_WARN_OBJC_ROOT_CLASS = YES_ERROR;
				CLANG_WARN_QUOTED_INCLUDE_IN_FRAMEWORK_HEADER = YES;
				CLANG_WARN_RANGE_LOOP_ANALYSIS = YES;
				CLANG_WARN_STRICT_PROTOTYPES = YES;
				CLANG_WARN_SUSPICIOUS_MOVE = YES;
				CLANG_WARN_UNGUARDED_AVAILABILITY = YES_AGGRESSIVE;
				CLANG_WARN_UNREACHABLE_CODE = YES;
				CLANG_WARN__DUPLICATE_METHOD_MATCH = YES;
				COPY_PHASE_STRIP = NO;
				DEBUG_INFORMATION_FORMAT = dwarf;
				ENABLE_STRICT_OBJC_MSGSEND = YES;
				ENABLE_TESTABILITY = YES;
				GCC_C_LANGUAGE_STANDARD = gnu11;
				GCC_DYNAMIC_NO_PIC = NO;
				GCC_NO_COMMON_BLOCKS = YES;
				GCC_OPTIMIZATION_LEVEL = 0;
				GCC_PREPROCESSOR_DEFINITIONS = (
					"DEBUG=1",
					"$(inherited)",
				);
				GCC_WARN_64_TO_32_BIT_CONVERSION = YES;
				GCC_WARN_ABOUT_RETURN_TYPE = YES_ERROR;
				GCC_WARN_UNDECLARED_SELECTOR = YES;
				GCC_WARN_UNINITIALIZED_AUTOS = YES_AGGRESSIVE;
				GCC_WARN_UNUSED_FUNCTION = YES;
				GCC_WARN_UNUSED_VARIABLE = YES;
				IPHONEOS_DEPLOYMENT_TARGET = 16.0;
				MTL_ENABLE_DEBUG_INFO = INCLUDE_SOURCE;
				MTL_FAST_MATH = YES;
				ONLY_ACTIVE_ARCH = YES;
				SDKROOT = iphoneos;
				SWIFT_ACTIVE_COMPILATION_CONDITIONS = DEBUG;
				SWIFT_OPTIMIZATION_LEVEL = "-Onone";
			};
			name = Debug;
		};
		E477D82B2D5A5C9D0033AA5F /* Release */ = {
			isa = XCBuildConfiguration;
			buildSettings = {
				ALWAYS_SEARCH_USER_PATHS = NO;
				CLANG_ANALYZER_NONNULL = YES;
				CLANG_ANALYZER_NUMBER_OBJECT_CONVERSION = YES_AGGRESSIVE;
				CLANG_CXX_LANGUAGE_STANDARD = "gnu++20";
				CLANG_ENABLE_MODULES = YES;
				CLANG_ENABLE_OBJC_ARC = YES;
				CLANG_ENABLE_OBJC_WEAK = YES;
				CLANG_WARN_BLOCK_CAPTURE_AUTORELEASING = YES;
				CLANG_WARN_BOOL_CONVERSION = YES;
				CLANG_WARN_COMMA = YES;
				CLANG_WARN_CONSTANT_CONVERSION = YES;
				CLANG_WARN_DEPRECATED_OBJC_IMPLEMENTATIONS = YES;
				CLANG_WARN_DIRECT_OBJC_ISA_USAGE = YES_ERROR;
				CLANG_WARN_DOCUMENTATION_COMMENTS = YES;
				CLANG_WARN_EMPTY_BODY = YES;
				CLANG_WARN_ENUM_CONVERSION = YES;
				CLANG_WARN_INFINITE_RECURSION = YES;
				CLANG_WARN_INT_CONVERSION = YES;
				CLANG_WARN_NON_LITERAL_NULL_CONVERSION = YES;
				CLANG_WARN_OBJC_IMPLICIT_RETAIN_SELF = YES;
				CLANG_WARN_OBJC_LITERAL_CONVERSION = YES;
				CLANG_WARN_OBJC_ROOT_CLASS = YES_ERROR;
				CLANG_WARN_QUOTED_INCLUDE_IN_FRAMEWORK_HEADER = YES;
				CLANG_WARN_RANGE_LOOP_ANALYSIS = YES;
				CLANG_WARN_STRICT_PROTOTYPES = YES;
				CLANG_WARN_SUSPICIOUS_MOVE = YES;
				CLANG_WARN_UNGUARDED_AVAILABILITY = YES_AGGRESSIVE;
				CLANG_WARN_UNREACHABLE_CODE = YES;
				CLANG_WARN__DUPLICATE_METHOD_MATCH = YES;
				COPY_PHASE_STRIP = NO;
				DEBUG_INFORMATION_FORMAT = "dwarf-with-dsym";
				ENABLE_NS_ASSERTIONS = NO;
				ENABLE_STRICT_OBJC_MSGSEND = YES;
				GCC_C_LANGUAGE_STANDARD = gnu11;
				GCC_NO_COMMON_BLOCKS = YES;
				GCC_WARN_64_TO_32_BIT_CONVERSION = YES;
				GCC_WARN_ABOUT_RETURN_TYPE = YES_ERROR;
				GCC_WARN_UNDECLARED_SELECTOR = YES;
				GCC_WARN_UNINITIALIZED_AUTOS = YES_AGGRESSIVE;
				GCC_WARN_UNUSED_FUNCTION = YES;
				GCC_WARN_UNUSED_VARIABLE = YES;
				IPHONEOS_DEPLOYMENT_TARGET = 16.0;
				MTL_ENABLE_DEBUG_INFO = NO;
				MTL_FAST_MATH = YES;
				SDKROOT = iphoneos;
				SWIFT_COMPILATION_MODE = wholemodule;
				SWIFT_OPTIMIZATION_LEVEL = "-O";
				VALIDATE_PRODUCT = YES;
			};
			name = Release;
		};
		E477D82D2D5A5C9D0033AA5F /* Debug */ = {
			isa = XCBuildConfiguration;
			buildSettings = {
				ASSETCATALOG_COMPILER_APPICON_NAME = AppIcon;
				ASSETCATALOG_COMPILER_GLOBAL_ACCENT_COLOR_NAME = AccentColor;
				CODE_SIGN_STYLE = Automatic;
				CURRENT_PROJECT_VERSION = 1;
				DEVELOPMENT_ASSET_PATHS = "\"BombGame/Preview Content\"";
				DEVELOPMENT_TEAM = 7UMPY8HG2G;
				ENABLE_PREVIEWS = YES;
				GENERATE_INFOPLIST_FILE = YES;
				INFOPLIST_KEY_UIApplicationSceneManifest_Generation = YES;
				INFOPLIST_KEY_UIApplicationSupportsIndirectInputEvents = YES;
				INFOPLIST_KEY_UILaunchScreen_Generation = YES;
				INFOPLIST_KEY_UISupportedInterfaceOrientations_iPad = "UIInterfaceOrientationPortrait UIInterfaceOrientationPortraitUpsideDown UIInterfaceOrientationLandscapeLeft UIInterfaceOrientationLandscapeRight";
				INFOPLIST_KEY_UISupportedInterfaceOrientations_iPhone = "UIInterfaceOrientationPortrait UIInterfaceOrientationLandscapeLeft UIInterfaceOrientationLandscapeRight";
				LD_RUNPATH_SEARCH_PATHS = (
					"$(inherited)",
					"@executable_path/Frameworks",
				);
				MARKETING_VERSION = 1.0;
				PRODUCT_BUNDLE_IDENTIFIER = DrewKuznetsov.BombGame;
				PRODUCT_NAME = "$(TARGET_NAME)";
				SWIFT_EMIT_LOC_STRINGS = YES;
				SWIFT_VERSION = 5.0;
				TARGETED_DEVICE_FAMILY = "1,2";
			};
			name = Debug;
		};
		E477D82E2D5A5C9D0033AA5F /* Release */ = {
			isa = XCBuildConfiguration;
			buildSettings = {
				ASSETCATALOG_COMPILER_APPICON_NAME = AppIcon;
				ASSETCATALOG_COMPILER_GLOBAL_ACCENT_COLOR_NAME = AccentColor;
				CODE_SIGN_STYLE = Automatic;
				CURRENT_PROJECT_VERSION = 1;
				DEVELOPMENT_ASSET_PATHS = "\"BombGame/Preview Content\"";
				DEVELOPMENT_TEAM = 7UMPY8HG2G;
				ENABLE_PREVIEWS = YES;
				GENERATE_INFOPLIST_FILE = YES;
				INFOPLIST_KEY_UIApplicationSceneManifest_Generation = YES;
				INFOPLIST_KEY_UIApplicationSupportsIndirectInputEvents = YES;
				INFOPLIST_KEY_UILaunchScreen_Generation = YES;
				INFOPLIST_KEY_UISupportedInterfaceOrientations_iPad = "UIInterfaceOrientationPortrait UIInterfaceOrientationPortraitUpsideDown UIInterfaceOrientationLandscapeLeft UIInterfaceOrientationLandscapeRight";
				INFOPLIST_KEY_UISupportedInterfaceOrientations_iPhone = "UIInterfaceOrientationPortrait UIInterfaceOrientationLandscapeLeft UIInterfaceOrientationLandscapeRight";
				LD_RUNPATH_SEARCH_PATHS = (
					"$(inherited)",
					"@executable_path/Frameworks",
				);
				MARKETING_VERSION = 1.0;
				PRODUCT_BUNDLE_IDENTIFIER = DrewKuznetsov.BombGame;
				PRODUCT_NAME = "$(TARGET_NAME)";
				SWIFT_EMIT_LOC_STRINGS = YES;
				SWIFT_VERSION = 5.0;
				TARGETED_DEVICE_FAMILY = "1,2";
			};
			name = Release;
		};
/* End XCBuildConfiguration section */

/* Begin XCConfigurationList section */
		E477D8192D5A5C9B0033AA5F /* Build configuration list for PBXProject "BombGame" */ = {
			isa = XCConfigurationList;
			buildConfigurations = (
				E477D82A2D5A5C9D0033AA5F /* Debug */,
				E477D82B2D5A5C9D0033AA5F /* Release */,
			);
			defaultConfigurationIsVisible = 0;
			defaultConfigurationName = Release;
		};
		E477D82C2D5A5C9D0033AA5F /* Build configuration list for PBXNativeTarget "BombGame" */ = {
			isa = XCConfigurationList;
			buildConfigurations = (
				E477D82D2D5A5C9D0033AA5F /* Debug */,
				E477D82E2D5A5C9D0033AA5F /* Release */,
			);
			defaultConfigurationIsVisible = 0;
			defaultConfigurationName = Release;
		};
/* End XCConfigurationList section */

/* Begin XCRemoteSwiftPackageReference section */
		37C00FF02D5CEE7A009A78AE /* XCRemoteSwiftPackageReference "lottie-ios" */ = {
			isa = XCRemoteSwiftPackageReference;
			repositoryURL = "https://github.com/airbnb/lottie-ios.git";
			requirement = {
				kind = upToNextMajorVersion;
				minimumVersion = 4.5.1;
			};
		};
/* End XCRemoteSwiftPackageReference section */

/* Begin XCSwiftPackageProductDependency section */
		37C00FF12D5CEE7A009A78AE /* Lottie */ = {
			isa = XCSwiftPackageProductDependency;
			package = 37C00FF02D5CEE7A009A78AE /* XCRemoteSwiftPackageReference "lottie-ios" */;
			productName = Lottie;
		};
/* End XCSwiftPackageProductDependency section */
	};
	rootObject = E477D8162D5A5C9B0033AA5F /* Project object */;
}
